Microsoft Visual Studio Solution File, Format Version 12.00
# Visual Studio Version 17
VisualStudioVersion = 17.5.2.0
MinimumVisualStudioVersion = 10.0.40219.1
Project("{FAE04EC0-301F-11D3-BF4B-00C04F79EFBC}") = "RazorPagesStarter", "RazorPagesStarter\RazorPagesStarter.csproj", "{05DA3D0F-AD24-70DC-B15B-8DCFF9CA0200}"
EndProject
Global
	GlobalSection(SolutionConfigurationPlatforms) = preSolution
		Debug|Any CPU = Debug|Any CPU
		Release|Any CPU = Release|Any CPU
	EndGlobalSection
	GlobalSection(ProjectConfigurationPlatforms) = postSolution
		{05DA3D0F-AD24-70DC-B15B-8DCFF9CA0200}.Debug|Any CPU.ActiveCfg = Debug|Any CPU
		{05DA3D0F-AD24-70DC-B15B-8DCFF9CA0200}.Debug|Any CPU.Build.0 = Debug|Any CPU
		{05DA3D0F-AD24-70DC-B15B-8DCFF9CA0200}.Release|Any CPU.ActiveCfg = Release|Any CPU
		{05DA3D0F-AD24-70DC-B15B-8DCFF9CA0200}.Release|Any CPU.Build.0 = Release|Any CPU
	EndGlobalSection
	GlobalSection(SolutionProperties) = preSolution
		HideSolutionNode = FALSE
	EndGlobalSection
	GlobalSection(ExtensibilityGlobals) = postSolution
		SolutionGuid = {28FCFC9A-1A22-46A8-80CE-C462881E31B9}
	EndGlobalSection
EndGlobal
